
Microsoft Visual Studio Solution File, Format Version 12.00
# Visual Studio Version 17
VisualStudioVersion = 17.5.002.0
MinimumVisualStudioVersion = 10.0.40219.1
Project("{9A19103F-16F7-4668-BE54-9A1E7A4F7556}") = "MyMvcApp", "MyMvcApp.csproj", "{13C85D82-2874-44A0-AF04-E87AC1F2DAED}"
EndProject
Global
	GlobalSection(SolutionConfigurationPlatforms) = preSolution
		Debug|Any CPU = Debug|Any CPU
		Release|Any CPU = Release|Any CPU
	EndGlobalSection
	GlobalSection(ProjectConfigurationPlatforms) = postSolution
		{13C85D82-2874-44A0-AF04-E87AC1F2DAED}.Debug|Any CPU.ActiveCfg = Debug|Any CPU
		{13C85D82-2874-44A0-AF04-E87AC1F2DAED}.Debug|Any CPU.Build.0 = Debug|Any CPU
		{13C85D82-2874-44A0-AF04-E87AC1F2DAED}.Release|Any CPU.ActiveCfg = Release|Any CPU
		{13C85D82-2874-44A0-AF04-E87AC1F2DAED}.Release|Any CPU.Build.0 = Release|Any CPU
	EndGlobalSection
	GlobalSection(SolutionProperties) = preSolution
		HideSolutionNode = FALSE
	EndGlobalSection
	GlobalSection(ExtensibilityGlobals) = postSolution
		SolutionGuid = {ACA7335B-A342-4D5D-81BD-18E243F3BFD5}
	EndGlobalSection
EndGlobal
